{
  "name": "note-taker",
  "version": "1.0.0",
  "lockfileVersion": 1,
  "requires": true,
  "dependencies": {
    "cuid": {
      "version": "2.1.8",
      "resolved": "https://registry.npmjs.org/cuid/-/cuid-2.1.8.tgz",
      "integrity": "sha512-xiEMER6E7TlTPnDxrM4eRiC6TRgjNX9xzEZ5U/Se2YJKr7Mq4pJn/2XEHjl3STcSh96GmkHPcBXLES8M29wyyg=="
    },
    "nanoid": {
      "version": "3.1.29",
      "resolved": "https://registry.npmjs.org/nanoid/-/nanoid-3.1.29.tgz",
      "integrity": "sha512-dW2pUSGZ8ZnCFIlBIA31SV8huOGCHb6OwzVCc7A69rb/a+SgPBwfmLvK5TKQ3INPbRkcI8a/Owo0XbiTNH19wg=="
    },
    "nid": {
      "version": "1.3.3",
      "resolved": "https://registry.npmjs.org/nid/-/nid-1.3.3.tgz",
      "integrity": "sha512-D4icLe9or1K4gsH8CQ2gfnRJECRlq63oNq5LNADMVmyPQqMhtHQIE3LE8bXDbQRYR8yzwoo0stG1m2pL5kr3aA=="
    }
  }
}
